// !$*UTF8*$!
{
	archiveVersion = 1;
	classes = {
	};
	objectVersion = 50;
	objects = {

/* Begin PBXBuildFile section */
		0507CF8D25F8D57600481DE7 /* LineToRegtangle.swift in Sources */ = {isa = PBXBuildFile; fileRef = 0507CF8C25F8D57600481DE7 /* LineToRegtangle.swift */; };
		05158B8025DD19F10063694A /* FindMonth.swift in Sources */ = {isa = PBXBuildFile; fileRef = 05158B7F25DD19F10063694A /* FindMonth.swift */; };
		05158BB925DD3D890063694A /* Jost-ExtraBoldItalic.ttf in Resources */ = {isa = PBXBuildFile; fileRef = 05158BA725DD3D880063694A /* Jost-ExtraBoldItalic.ttf */; };
		05158BBA25DD3D890063694A /* Jost-MediumItalic.ttf in Resources */ = {isa = PBXBuildFile; fileRef = 05158BA825DD3D880063694A /* Jost-MediumItalic.ttf */; };
		05158BBB25DD3D890063694A /* Jost-Bold.ttf in Resources */ = {isa = PBXBuildFile; fileRef = 05158BA925DD3D880063694A /* Jost-Bold.ttf */; };
		05158BBC25DD3D890063694A /* Jost-Black.ttf in Resources */ = {isa = PBXBuildFile; fileRef = 05158BAA25DD3D880063694A /* Jost-Black.ttf */; };
		05158BBD25DD3D890063694A /* Jost-Light.ttf in Resources */ = {isa = PBXBuildFile; fileRef = 05158BAB25DD3D880063694A /* Jost-Light.ttf */; };
		05158BBE25DD3D890063694A /* Jost-BlackItalic.ttf in Resources */ = {isa = PBXBuildFile; fileRef = 05158BAC25DD3D880063694A /* Jost-BlackItalic.ttf */; };
		05158BBF25DD3D890063694A /* Jost-Regular.ttf in Resources */ = {isa = PBXBuildFile; fileRef = 05158BAD25DD3D880063694A /* Jost-Regular.ttf */; };
		05158BC025DD3D890063694A /* Jost-SemiBoldItalic.ttf in Resources */ = {isa = PBXBuildFile; fileRef = 05158BAE25DD3D880063694A /* Jost-SemiBoldItalic.ttf */; };
		05158BC125DD3D890063694A /* Jost-LightItalic.ttf in Resources */ = {isa = PBXBuildFile; fileRef = 05158BAF25DD3D880063694A /* Jost-LightItalic.ttf */; };
		05158BC225DD3D890063694A /* Jost-BoldItalic.ttf in Resources */ = {isa = PBXBuildFile; fileRef = 05158BB025DD3D880063694A /* Jost-BoldItalic.ttf */; };
		05158BC325DD3D890063694A /* Jost-ExtraLightItalic.ttf in Resources */ = {isa = PBXBuildFile; fileRef = 05158BB125DD3D880063694A /* Jost-ExtraLightItalic.ttf */; };
		05158BC425DD3D890063694A /* Jost-Italic.ttf in Resources */ = {isa = PBXBuildFile; fileRef = 05158BB225DD3D880063694A /* Jost-Italic.ttf */; };
		05158BC525DD3D890063694A /* Jost-Thin.ttf in Resources */ = {isa = PBXBuildFile; fileRef = 05158BB325DD3D880063694A /* Jost-Thin.ttf */; };
		05158BC625DD3D890063694A /* Jost-ExtraLight.ttf in Resources */ = {isa = PBXBuildFile; fileRef = 05158BB425DD3D890063694A /* Jost-ExtraLight.ttf */; };
		05158BC725DD3D890063694A /* Jost-SemiBold.ttf in Resources */ = {isa = PBXBuildFile; fileRef = 05158BB525DD3D890063694A /* Jost-SemiBold.ttf */; };
		05158BC825DD3D890063694A /* Jost-ExtraBold.ttf in Resources */ = {isa = PBXBuildFile; fileRef = 05158BB625DD3D890063694A /* Jost-ExtraBold.ttf */; };
		05158BC925DD3D890063694A /* Jost-ThinItalic.ttf in Resources */ = {isa = PBXBuildFile; fileRef = 05158BB725DD3D890063694A /* Jost-ThinItalic.ttf */; };
		05158BCA25DD3D890063694A /* Jost-Medium.ttf in Resources */ = {isa = PBXBuildFile; fileRef = 05158BB825DD3D890063694A /* Jost-Medium.ttf */; };
		05158BCF25DD412D0063694A /* FindSign.swift in Sources */ = {isa = PBXBuildFile; fileRef = 05158BCE25DD412D0063694A /* FindSign.swift */; };
		05240DD825EFD8CD00AEAE74 /* ScrollableHStack.swift in Sources */ = {isa = PBXBuildFile; fileRef = 05240DD725EFD8CD00AEAE74 /* ScrollableHStack.swift */; };
		054AAF3D25E7CCFA00B1883D /* pyth_square.json in Resources */ = {isa = PBXBuildFile; fileRef = 054AAF3C25E7CCFA00B1883D /* pyth_square.json */; };
		054AAF4225E7CDBE00B1883D /* SquareModels.swift in Sources */ = {isa = PBXBuildFile; fileRef = 054AAF4125E7CDBE00B1883D /* SquareModels.swift */; };
		054E22EA25DE919000713507 /* DateHeader.swift in Sources */ = {isa = PBXBuildFile; fileRef = 054E22E925DE919000713507 /* DateHeader.swift */; };
		0558A47D25F79BF1000345A9 /* charachter.json in Resources */ = {isa = PBXBuildFile; fileRef = 0558A47C25F79BF1000345A9 /* charachter.json */; };
		0558A48225F79C10000345A9 /* HoroscopeUser.swift in Sources */ = {isa = PBXBuildFile; fileRef = 0558A48125F79C10000345A9 /* HoroscopeUser.swift */; };
		0564668825EBCD0F00361A3D /* HeaderComp.swift in Sources */ = {isa = PBXBuildFile; fileRef = 0564668725EBCD0F00361A3D /* HeaderComp.swift */; };
		0564668D25EBCD1B00361A3D /* CircleComp.swift in Sources */ = {isa = PBXBuildFile; fileRef = 0564668C25EBCD1B00361A3D /* CircleComp.swift */; };
		0564669325EBD2D000361A3D /* RectangleWithImage.swift in Sources */ = {isa = PBXBuildFile; fileRef = 0564669225EBD2D000361A3D /* RectangleWithImage.swift */; };
		056DCB0325E450C4008F1397 /* Main.swift in Sources */ = {isa = PBXBuildFile; fileRef = 056DCB0225E450C4008F1397 /* Main.swift */; };
		056DCB0B25E45110008F1397 /* Auth.swift in Sources */ = {isa = PBXBuildFile; fileRef = 056DCB0A25E45110008F1397 /* Auth.swift */; };
		0578F2EE25DF95F200125C1E /* ProfileVIew.swift in Sources */ = {isa = PBXBuildFile; fileRef = 0578F2ED25DF95F200125C1E /* ProfileVIew.swift */; };
		0578F2F925DFA95100125C1E /* Details.swift in Sources */ = {isa = PBXBuildFile; fileRef = 0578F2F825DFA95100125C1E /* Details.swift */; };
		0578F30425E1029300125C1E /* UserModel.swift in Sources */ = {isa = PBXBuildFile; fileRef = 0578F30325E1029300125C1E /* UserModel.swift */; };
		0597582A25E79E8D008CFA03 /* CompView.swift in Sources */ = {isa = PBXBuildFile; fileRef = 0597582925E79E8D008CFA03 /* CompView.swift */; };
		05A0612B25DE592900336407 /* SquareView.swift in Sources */ = {isa = PBXBuildFile; fileRef = 05A0612A25DE592900336407 /* SquareView.swift */; };
		05A0613C25DE5A4400336407 /* CalculateSquare.swift in Sources */ = {isa = PBXBuildFile; fileRef = 05A0613B25DE5A4400336407 /* CalculateSquare.swift */; };
		05A0614125DE5B4900336407 /* RectangleOfSquare.swift in Sources */ = {isa = PBXBuildFile; fileRef = 05A0614025DE5B4900336407 /* RectangleOfSquare.swift */; };
		05A6665725EE7D1F00162141 /* CompChooseSignView.swift in Sources */ = {isa = PBXBuildFile; fileRef = 05A6665625EE7D1F00162141 /* CompChooseSignView.swift */; };
		05B4B7D725F27DD000D259BF /* LinkToSiteWithText.swift in Sources */ = {isa = PBXBuildFile; fileRef = 05B4B7D625F27DD000D259BF /* LinkToSiteWithText.swift */; };
		05C1AA7A25DC536300F8DDAE /* HoroscopeApp.swift in Sources */ = {isa = PBXBuildFile; fileRef = 05C1AA7925DC536300F8DDAE /* HoroscopeApp.swift */; };
		05C1AA7C25DC536300F8DDAE /* ContentView.swift in Sources */ = {isa = PBXBuildFile; fileRef = 05C1AA7B25DC536300F8DDAE /* ContentView.swift */; };
		05C1AA7E25DC536400F8DDAE /* Assets.xcassets in Resources */ = {isa = PBXBuildFile; fileRef = 05C1AA7D25DC536400F8DDAE /* Assets.xcassets */; };
		05C1AA8125DC536400F8DDAE /* Preview Assets.xcassets in Resources */ = {isa = PBXBuildFile; fileRef = 05C1AA8025DC536400F8DDAE /* Preview Assets.xcassets */; };
		05C1AA8C25DC536400F8DDAE /* HoroscopeTests.swift in Sources */ = {isa = PBXBuildFile; fileRef = 05C1AA8B25DC536400F8DDAE /* HoroscopeTests.swift */; };
		05C1AA9725DC536400F8DDAE /* HoroscopeUITests.swift in Sources */ = {isa = PBXBuildFile; fileRef = 05C1AA9625DC536400F8DDAE /* HoroscopeUITests.swift */; };
		05C1AAAB25DC53AD00F8DDAE /* HoroscopeView.swift in Sources */ = {isa = PBXBuildFile; fileRef = 05C1AAAA25DC53AD00F8DDAE /* HoroscopeView.swift */; };
		05C1AAB325DC580000F8DDAE /* HeaderHoroscope.swift in Sources */ = {isa = PBXBuildFile; fileRef = 05C1AAB225DC580000F8DDAE /* HeaderHoroscope.swift */; };
		05CEA9E925F94AB100F90DA3 /* Comp.json in Resources */ = {isa = PBXBuildFile; fileRef = 05CEA9E825F94AB100F90DA3 /* Comp.json */; };
		05FC9DC825FA74C70033E6E0 /* character.json in Resources */ = {isa = PBXBuildFile; fileRef = 05FC9DC725FA74C70033E6E0 /* character.json */; };
/* End PBXBuildFile section */

/* Begin PBXContainerItemProxy section */
		05C1AA8825DC536400F8DDAE /* PBXContainerItemProxy */ = {
			isa = PBXContainerItemProxy;
			containerPortal = 05C1AA6E25DC536300F8DDAE /* Project object */;
			proxyType = 1;
			remoteGlobalIDString = 05C1AA7525DC536300F8DDAE;
			remoteInfo = Horoscope;
		};
		05C1AA9325DC536400F8DDAE /* PBXContainerItemProxy */ = {
			isa = PBXContainerItemProxy;
			containerPortal = 05C1AA6E25DC536300F8DDAE /* Project object */;
			proxyType = 1;
			remoteGlobalIDString = 05C1AA7525DC536300F8DDAE;
			remoteInfo = Horoscope;
		};
/* End PBXContainerItemProxy section */

/* Begin PBXFileReference section */
		0507CF8C25F8D57600481DE7 /* LineToRegtangle.swift */ = {isa = PBXFileReference; lastKnownFileType = sourcecode.swift; path = LineToRegtangle.swift; sourceTree = "<group>"; };
		05158B7F25DD19F10063694A /* FindMonth.swift */ = {isa = PBXFileReference; lastKnownFileType = sourcecode.swift; path = FindMonth.swift; sourceTree = "<group>"; };
		05158BA725DD3D880063694A /* Jost-ExtraBoldItalic.ttf */ = {isa = PBXFileReference; lastKnownFileType = file; path = "Jost-ExtraBoldItalic.ttf"; sourceTree = "<group>"; };
		05158BA825DD3D880063694A /* Jost-MediumItalic.ttf */ = {isa = PBXFileReference; lastKnownFileType = file; path = "Jost-MediumItalic.ttf"; sourceTree = "<group>"; };
		05158BA925DD3D880063694A /* Jost-Bold.ttf */ = {isa = PBXFileReference; lastKnownFileType = file; path = "Jost-Bold.ttf"; sourceTree = "<group>"; };
		05158BAA25DD3D880063694A /* Jost-Black.ttf */ = {isa = PBXFileReference; lastKnownFileType = file; path = "Jost-Black.ttf"; sourceTree = "<group>"; };
		05158BAB25DD3D880063694A /* Jost-Light.ttf */ = {isa = PBXFileReference; lastKnownFileType = file; path = "Jost-Light.ttf"; sourceTree = "<group>"; };
		05158BAC25DD3D880063694A /* Jost-BlackItalic.ttf */ = {isa = PBXFileReference; lastKnownFileType = file; path = "Jost-BlackItalic.ttf"; sourceTree = "<group>"; };
		05158BAD25DD3D880063694A /* Jost-Regular.ttf */ = {isa = PBXFileReference; lastKnownFileType = file; path = "Jost-Regular.ttf"; sourceTree = "<group>"; };
		05158BAE25DD3D880063694A /* Jost-SemiBoldItalic.ttf */ = {isa = PBXFileReference; lastKnownFileType = file; path = "Jost-SemiBoldItalic.ttf"; sourceTree = "<group>"; };
		05158BAF25DD3D880063694A /* Jost-LightItalic.ttf */ = {isa = PBXFileReference; lastKnownFileType = file; path = "Jost-LightItalic.ttf"; sourceTree = "<group>"; };
		05158BB025DD3D880063694A /* Jost-BoldItalic.ttf */ = {isa = PBXFileReference; lastKnownFileType = file; path = "Jost-BoldItalic.ttf"; sourceTree = "<group>"; };
		05158BB125DD3D880063694A /* Jost-ExtraLightItalic.ttf */ = {isa = PBXFileReference; lastKnownFileType = file; path = "Jost-ExtraLightItalic.ttf"; sourceTree = "<group>"; };
		05158BB225DD3D880063694A /* Jost-Italic.ttf */ = {isa = PBXFileReference; lastKnownFileType = file; path = "Jost-Italic.ttf"; sourceTree = "<group>"; };
		05158BB325DD3D880063694A /* Jost-Thin.ttf */ = {isa = PBXFileReference; lastKnownFileType = file; path = "Jost-Thin.ttf"; sourceTree = "<group>"; };
		05158BB425DD3D890063694A /* Jost-ExtraLight.ttf */ = {isa = PBXFileReference; lastKnownFileType = file; path = "Jost-ExtraLight.ttf"; sourceTree = "<group>"; };
		05158BB525DD3D890063694A /* Jost-SemiBold.ttf */ = {isa = PBXFileReference; lastKnownFileType = file; path = "Jost-SemiBold.ttf"; sourceTree = "<group>"; };
		05158BB625DD3D890063694A /* Jost-ExtraBold.ttf */ = {isa = PBXFileReference; lastKnownFileType = file; path = "Jost-ExtraBold.ttf"; sourceTree = "<group>"; };
		05158BB725DD3D890063694A /* Jost-ThinItalic.ttf */ = {isa = PBXFileReference; lastKnownFileType = file; path = "Jost-ThinItalic.ttf"; sourceTree = "<group>"; };
		05158BB825DD3D890063694A /* Jost-Medium.ttf */ = {isa = PBXFileReference; lastKnownFileType = file; path = "Jost-Medium.ttf"; sourceTree = "<group>"; };
		05158BCE25DD412D0063694A /* FindSign.swift */ = {isa = PBXFileReference; lastKnownFileType = sourcecode.swift; path = FindSign.swift; sourceTree = "<group>"; };
		05240DD725EFD8CD00AEAE74 /* ScrollableHStack.swift */ = {isa = PBXFileReference; lastKnownFileType = sourcecode.swift; path = ScrollableHStack.swift; sourceTree = "<group>"; };
		054AAF3C25E7CCFA00B1883D /* pyth_square.json */ = {isa = PBXFileReference; fileEncoding = 4; lastKnownFileType = text.json; path = pyth_square.json; sourceTree = "<group>"; };
		054AAF4125E7CDBE00B1883D /* SquareModels.swift */ = {isa = PBXFileReference; lastKnownFileType = sourcecode.swift; path = SquareModels.swift; sourceTree = "<group>"; };
		054E22E925DE919000713507 /* DateHeader.swift */ = {isa = PBXFileReference; lastKnownFileType = sourcecode.swift; path = DateHeader.swift; sourceTree = "<group>"; };
		0558A47C25F79BF1000345A9 /* charachter.json */ = {isa = PBXFileReference; fileEncoding = 4; lastKnownFileType = text.json; path = charachter.json; sourceTree = "<group>"; };
		0558A48125F79C10000345A9 /* HoroscopeUser.swift */ = {isa = PBXFileReference; lastKnownFileType = sourcecode.swift; path = HoroscopeUser.swift; sourceTree = "<group>"; };
		0564668725EBCD0F00361A3D /* HeaderComp.swift */ = {isa = PBXFileReference; lastKnownFileType = sourcecode.swift; path = HeaderComp.swift; sourceTree = "<group>"; };
		0564668C25EBCD1B00361A3D /* CircleComp.swift */ = {isa = PBXFileReference; lastKnownFileType = sourcecode.swift; path = CircleComp.swift; sourceTree = "<group>"; };
		0564669225EBD2D000361A3D /* RectangleWithImage.swift */ = {isa = PBXFileReference; lastKnownFileType = sourcecode.swift; path = RectangleWithImage.swift; sourceTree = "<group>"; };
		056DCB0225E450C4008F1397 /* Main.swift */ = {isa = PBXFileReference; lastKnownFileType = sourcecode.swift; path = Main.swift; sourceTree = "<group>"; };
		056DCB0A25E45110008F1397 /* Auth.swift */ = {isa = PBXFileReference; lastKnownFileType = sourcecode.swift; path = Auth.swift; sourceTree = "<group>"; };
		0578F2ED25DF95F200125C1E /* ProfileVIew.swift */ = {isa = PBXFileReference; lastKnownFileType = sourcecode.swift; path = ProfileVIew.swift; sourceTree = "<group>"; };
		0578F2F825DFA95100125C1E /* Details.swift */ = {isa = PBXFileReference; lastKnownFileType = sourcecode.swift; path = Details.swift; sourceTree = "<group>"; };
		0578F30325E1029300125C1E /* UserModel.swift */ = {isa = PBXFileReference; lastKnownFileType = sourcecode.swift; path = UserModel.swift; sourceTree = "<group>"; };
		0597582925E79E8D008CFA03 /* CompView.swift */ = {isa = PBXFileReference; lastKnownFileType = sourcecode.swift; path = CompView.swift; sourceTree = "<group>"; };
		05A0612A25DE592900336407 /* SquareView.swift */ = {isa = PBXFileReference; lastKnownFileType = sourcecode.swift; path = SquareView.swift; sourceTree = "<group>"; };
		05A0613B25DE5A4400336407 /* CalculateSquare.swift */ = {isa = PBXFileReference; lastKnownFileType = sourcecode.swift; path = CalculateSquare.swift; sourceTree = "<group>"; };
		05A0614025DE5B4900336407 /* RectangleOfSquare.swift */ = {isa = PBXFileReference; lastKnownFileType = sourcecode.swift; path = RectangleOfSquare.swift; sourceTree = "<group>"; };
		05A6665625EE7D1F00162141 /* CompChooseSignView.swift */ = {isa = PBXFileReference; lastKnownFileType = sourcecode.swift; path = CompChooseSignView.swift; sourceTree = "<group>"; };
		05B4B7D625F27DD000D259BF /* LinkToSiteWithText.swift */ = {isa = PBXFileReference; lastKnownFileType = sourcecode.swift; path = LinkToSiteWithText.swift; sourceTree = "<group>"; };
		05C1AA7625DC536300F8DDAE /* Horoscope.app */ = {isa = PBXFileReference; explicitFileType = wrapper.application; includeInIndex = 0; path = Horoscope.app; sourceTree = BUILT_PRODUCTS_DIR; };
		05C1AA7925DC536300F8DDAE /* HoroscopeApp.swift */ = {isa = PBXFileReference; lastKnownFileType = sourcecode.swift; path = HoroscopeApp.swift; sourceTree = "<group>"; };
		05C1AA7B25DC536300F8DDAE /* ContentView.swift */ = {isa = PBXFileReference; lastKnownFileType = sourcecode.swift; path = ContentView.swift; sourceTree = "<group>"; };
		05C1AA7D25DC536400F8DDAE /* Assets.xcassets */ = {isa = PBXFileReference; lastKnownFileType = folder.assetcatalog; path = Assets.xcassets; sourceTree = "<group>"; };
		05C1AA8025DC536400F8DDAE /* Preview Assets.xcassets */ = {isa = PBXFileReference; lastKnownFileType = folder.assetcatalog; path = "Preview Assets.xcassets"; sourceTree = "<group>"; };
		05C1AA8225DC536400F8DDAE /* Info.plist */ = {isa = PBXFileReference; lastKnownFileType = text.plist.xml; path = Info.plist; sourceTree = "<group>"; };
		05C1AA8725DC536400F8DDAE /* HoroscopeTests.xctest */ = {isa = PBXFileReference; explicitFileType = wrapper.cfbundle; includeInIndex = 0; path = HoroscopeTests.xctest; sourceTree = BUILT_PRODUCTS_DIR; };
		05C1AA8B25DC536400F8DDAE /* HoroscopeTests.swift */ = {isa = PBXFileReference; lastKnownFileType = sourcecode.swift; path = HoroscopeTests.swift; sourceTree = "<group>"; };
		05C1AA8D25DC536400F8DDAE /* Info.plist */ = {isa = PBXFileReference; lastKnownFileType = text.plist.xml; path = Info.plist; sourceTree = "<group>"; };
		05C1AA9225DC536400F8DDAE /* HoroscopeUITests.xctest */ = {isa = PBXFileReference; explicitFileType = wrapper.cfbundle; includeInIndex = 0; path = HoroscopeUITests.xctest; sourceTree = BUILT_PRODUCTS_DIR; };
		05C1AA9625DC536400F8DDAE /* HoroscopeUITests.swift */ = {isa = PBXFileReference; lastKnownFileType = sourcecode.swift; path = HoroscopeUITests.swift; sourceTree = "<group>"; };
		05C1AA9825DC536400F8DDAE /* Info.plist */ = {isa = PBXFileReference; lastKnownFileType = text.plist.xml; path = Info.plist; sourceTree = "<group>"; };
		05C1AAAA25DC53AD00F8DDAE /* HoroscopeView.swift */ = {isa = PBXFileReference; lastKnownFileType = sourcecode.swift; path = HoroscopeView.swift; sourceTree = "<group>"; };
		05C1AAB225DC580000F8DDAE /* HeaderHoroscope.swift */ = {isa = PBXFileReference; lastKnownFileType = sourcecode.swift; path = HeaderHoroscope.swift; sourceTree = "<group>"; };
		05CEA9E825F94AB100F90DA3 /* Comp.json */ = {isa = PBXFileReference; fileEncoding = 4; lastKnownFileType = text.json; path = Comp.json; sourceTree = "<group>"; };
		05FC9DC725FA74C70033E6E0 /* character.json */ = {isa = PBXFileReference; fileEncoding = 4; lastKnownFileType = text.json; path = character.json; sourceTree = "<group>"; };
/* End PBXFileReference section */

/* Begin PBXFrameworksBuildPhase section */
		05C1AA7325DC536300F8DDAE /* Frameworks */ = {
			isa = PBXFrameworksBuildPhase;
			buildActionMask = 2147483647;
			files = (
			);
			runOnlyForDeploymentPostprocessing = 0;
		};
		05C1AA8425DC536400F8DDAE /* Frameworks */ = {
			isa = PBXFrameworksBuildPhase;
			buildActionMask = 2147483647;
			files = (
			);
			runOnlyForDeploymentPostprocessing = 0;
		};
		05C1AA8F25DC536400F8DDAE /* Frameworks */ = {
			isa = PBXFrameworksBuildPhase;
			buildActionMask = 2147483647;
			files = (
			);
			runOnlyForDeploymentPostprocessing = 0;
		};
/* End PBXFrameworksBuildPhase section */

/* Begin PBXGroup section */
		05158B7E25DD19D60063694A /* Models */ = {
			isa = PBXGroup;
			children = (
				05A0613725DE59F800336407 /* FucntionsForFinding */,
				0578F30325E1029300125C1E /* UserModel.swift */,
				054AAF4125E7CDBE00B1883D /* SquareModels.swift */,
				0558A48125F79C10000345A9 /* HoroscopeUser.swift */,
			);
			path = Models;
			sourceTree = "<group>";
		};
		05158BA625DD3D710063694A /* Fonts */ = {
			isa = PBXGroup;
			children = (
				05158BAA25DD3D880063694A /* Jost-Black.ttf */,
				05158BAC25DD3D880063694A /* Jost-BlackItalic.ttf */,
				05158BA925DD3D880063694A /* Jost-Bold.ttf */,
				05158BB025DD3D880063694A /* Jost-BoldItalic.ttf */,
				05158BB625DD3D890063694A /* Jost-ExtraBold.ttf */,
				05158BA725DD3D880063694A /* Jost-ExtraBoldItalic.ttf */,
				05158BB425DD3D890063694A /* Jost-ExtraLight.ttf */,
				05158BB125DD3D880063694A /* Jost-ExtraLightItalic.ttf */,
				05158BB225DD3D880063694A /* Jost-Italic.ttf */,
				05158BAB25DD3D880063694A /* Jost-Light.ttf */,
				05158BAF25DD3D880063694A /* Jost-LightItalic.ttf */,
				05158BB825DD3D890063694A /* Jost-Medium.ttf */,
				05158BA825DD3D880063694A /* Jost-MediumItalic.ttf */,
				05158BAD25DD3D880063694A /* Jost-Regular.ttf */,
				05158BB525DD3D890063694A /* Jost-SemiBold.ttf */,
				05158BAE25DD3D880063694A /* Jost-SemiBoldItalic.ttf */,
				05158BB325DD3D880063694A /* Jost-Thin.ttf */,
				05158BB725DD3D890063694A /* Jost-ThinItalic.ttf */,
			);
			path = Fonts;
			sourceTree = "<group>";
		};
		0564668625EBCCF600361A3D /* HeaderComp */ = {
			isa = PBXGroup;
			children = (
				0564668725EBCD0F00361A3D /* HeaderComp.swift */,
				0564668C25EBCD1B00361A3D /* CircleComp.swift */,
			);
			path = HeaderComp;
			sourceTree = "<group>";
		};
		0564669125EBD2A800361A3D /* NavigationGridLinks */ = {
			isa = PBXGroup;
			children = (
				0564669225EBD2D000361A3D /* RectangleWithImage.swift */,
			);
			path = NavigationGridLinks;
			sourceTree = "<group>";
		};
		056DCB0025E45095008F1397 /* Auth */ = {
			isa = PBXGroup;
			children = (
				056DCB0A25E45110008F1397 /* Auth.swift */,
			);
			path = Auth;
			sourceTree = "<group>";
		};
		056DCB0125E450AC008F1397 /* Main */ = {
			isa = PBXGroup;
			children = (
				056DCB0225E450C4008F1397 /* Main.swift */,
			);
			path = Main;
			sourceTree = "<group>";
		};
		0578F2F225DF976F00125C1E /* Resources */ = {
			isa = PBXGroup;
			children = (
				05FC9DC725FA74C70033E6E0 /* character.json */,
				05CEA9E825F94AB100F90DA3 /* Comp.json */,
				0558A47C25F79BF1000345A9 /* charachter.json */,
				054AAF3C25E7CCFA00B1883D /* pyth_square.json */,
			);
			path = Resources;
			sourceTree = "<group>";
		};
		0597582825E79E77008CFA03 /* Comp */ = {
			isa = PBXGroup;
			children = (
				05A6665525EE7CFB00162141 /* CompChooseSignView */,
				0564669125EBD2A800361A3D /* NavigationGridLinks */,
				0564668625EBCCF600361A3D /* HeaderComp */,
				0597582925E79E8D008CFA03 /* CompView.swift */,
			);
			path = Comp;
			sourceTree = "<group>";
		};
		05A0612925DE591600336407 /* SquareViews */ = {
			isa = PBXGroup;
			children = (
				05A0612A25DE592900336407 /* SquareView.swift */,
				05A0614025DE5B4900336407 /* RectangleOfSquare.swift */,
				05B4B7D625F27DD000D259BF /* LinkToSiteWithText.swift */,
				0507CF8C25F8D57600481DE7 /* LineToRegtangle.swift */,
			);
			path = SquareViews;
			sourceTree = "<group>";
		};
		05A0613725DE59F800336407 /* FucntionsForFinding */ = {
			isa = PBXGroup;
			children = (
				05158B7F25DD19F10063694A /* FindMonth.swift */,
				05158BCE25DD412D0063694A /* FindSign.swift */,
				05A0613B25DE5A4400336407 /* CalculateSquare.swift */,
				0578F2F825DFA95100125C1E /* Details.swift */,
			);
			path = FucntionsForFinding;
			sourceTree = "<group>";
		};
		05A6665525EE7CFB00162141 /* CompChooseSignView */ = {
			isa = PBXGroup;
			children = (
				05A6665625EE7D1F00162141 /* CompChooseSignView.swift */,
				05240DD725EFD8CD00AEAE74 /* ScrollableHStack.swift */,
			);
			path = CompChooseSignView;
			sourceTree = "<group>";
		};
		05C1AA6D25DC536300F8DDAE = {
			isa = PBXGroup;
			children = (
				05C1AA7825DC536300F8DDAE /* Horoscope */,
				05C1AA8A25DC536400F8DDAE /* HoroscopeTests */,
				05C1AA9525DC536400F8DDAE /* HoroscopeUITests */,
				05C1AA7725DC536300F8DDAE /* Products */,
			);
			sourceTree = "<group>";
		};
		05C1AA7725DC536300F8DDAE /* Products */ = {
			isa = PBXGroup;
			children = (
				05C1AA7625DC536300F8DDAE /* Horoscope.app */,
				05C1AA8725DC536400F8DDAE /* HoroscopeTests.xctest */,
				05C1AA9225DC536400F8DDAE /* HoroscopeUITests.xctest */,
			);
			name = Products;
			sourceTree = "<group>";
		};
		05C1AA7825DC536300F8DDAE /* Horoscope */ = {
			isa = PBXGroup;
			children = (
				05158B7E25DD19D60063694A /* Models */,
				05C1AAA725DC537800F8DDAE /* Views */,
				05C1AA7925DC536300F8DDAE /* HoroscopeApp.swift */,
				05C1AA7B25DC536300F8DDAE /* ContentView.swift */,
				0578F2F225DF976F00125C1E /* Resources */,
				05158BA625DD3D710063694A /* Fonts */,
				05C1AA7D25DC536400F8DDAE /* Assets.xcassets */,
				05C1AA8225DC536400F8DDAE /* Info.plist */,
				05C1AA7F25DC536400F8DDAE /* Preview Content */,
			);
			path = Horoscope;
			sourceTree = "<group>";
		};
		05C1AA7F25DC536400F8DDAE /* Preview Content */ = {
			isa = PBXGroup;
			children = (
				05C1AA8025DC536400F8DDAE /* Preview Assets.xcassets */,
			);
			path = "Preview Content";
			sourceTree = "<group>";
		};
		05C1AA8A25DC536400F8DDAE /* HoroscopeTests */ = {
			isa = PBXGroup;
			children = (
				05C1AA8B25DC536400F8DDAE /* HoroscopeTests.swift */,
				05C1AA8D25DC536400F8DDAE /* Info.plist */,
			);
			path = HoroscopeTests;
			sourceTree = "<group>";
		};
		05C1AA9525DC536400F8DDAE /* HoroscopeUITests */ = {
			isa = PBXGroup;
			children = (
				05C1AA9625DC536400F8DDAE /* HoroscopeUITests.swift */,
				05C1AA9825DC536400F8DDAE /* Info.plist */,
			);
			path = HoroscopeUITests;
			sourceTree = "<group>";
		};
		05C1AAA725DC537800F8DDAE /* Views */ = {
			isa = PBXGroup;
			children = (
				0597582825E79E77008CFA03 /* Comp */,
				056DCB0125E450AC008F1397 /* Main */,
				056DCB0025E45095008F1397 /* Auth */,
				05A0612925DE591600336407 /* SquareViews */,
				05C1AAA925DC538F00F8DDAE /* HoroscopeViews */,
			);
			path = Views;
			sourceTree = "<group>";
		};
		05C1AAA925DC538F00F8DDAE /* HoroscopeViews */ = {
			isa = PBXGroup;
			children = (
				05C1AAAA25DC53AD00F8DDAE /* HoroscopeView.swift */,
				05C1AAB225DC580000F8DDAE /* HeaderHoroscope.swift */,
				054E22E925DE919000713507 /* DateHeader.swift */,
				0578F2ED25DF95F200125C1E /* ProfileVIew.swift */,
			);
			path = HoroscopeViews;
			sourceTree = "<group>";
		};
/* End PBXGroup section */

/* Begin PBXNativeTarget section */
		05C1AA7525DC536300F8DDAE /* Horoscope */ = {
			isa = PBXNativeTarget;
			buildConfigurationList = 05C1AA9B25DC536400F8DDAE /* Build configuration list for PBXNativeTarget "Horoscope" */;
			buildPhases = (
				05C1AA7225DC536300F8DDAE /* Sources */,
				05C1AA7325DC536300F8DDAE /* Frameworks */,
				05C1AA7425DC536300F8DDAE /* Resources */,
			);
			buildRules = (
			);
			dependencies = (
			);
			name = Horoscope;
			productName = Horoscope;
			productReference = 05C1AA7625DC536300F8DDAE /* Horoscope.app */;
			productType = "com.apple.product-type.application";
		};
		05C1AA8625DC536400F8DDAE /* HoroscopeTests */ = {
			isa = PBXNativeTarget;
			buildConfigurationList = 05C1AA9E25DC536400F8DDAE /* Build configuration list for PBXNativeTarget "HoroscopeTests" */;
			buildPhases = (
				05C1AA8325DC536400F8DDAE /* Sources */,
				05C1AA8425DC536400F8DDAE /* Frameworks */,
				05C1AA8525DC536400F8DDAE /* Resources */,
			);
			buildRules = (
			);
			dependencies = (
				05C1AA8925DC536400F8DDAE /* PBXTargetDependency */,
			);
			name = HoroscopeTests;
			productName = HoroscopeTests;
			productReference = 05C1AA8725DC536400F8DDAE /* HoroscopeTests.xctest */;
			productType = "com.apple.product-type.bundle.unit-test";
		};
		05C1AA9125DC536400F8DDAE /* HoroscopeUITests */ = {
			isa = PBXNativeTarget;
			buildConfigurationList = 05C1AAA125DC536400F8DDAE /* Build configuration list for PBXNativeTarget "HoroscopeUITests" */;
			buildPhases = (
				05C1AA8E25DC536400F8DDAE /* Sources */,
				05C1AA8F25DC536400F8DDAE /* Frameworks */,
				05C1AA9025DC536400F8DDAE /* Resources */,
			);
			buildRules = (
			);
			dependencies = (
				05C1AA9425DC536400F8DDAE /* PBXTargetDependency */,
			);
			name = HoroscopeUITests;
			productName = HoroscopeUITests;
			productReference = 05C1AA9225DC536400F8DDAE /* HoroscopeUITests.xctest */;
			productType = "com.apple.product-type.bundle.ui-testing";
		};
/* End PBXNativeTarget section */

/* Begin PBXProject section */
		05C1AA6E25DC536300F8DDAE /* Project object */ = {
			isa = PBXProject;
			attributes = {
				LastSwiftUpdateCheck = 1240;
				LastUpgradeCheck = 1240;
				TargetAttributes = {
					05C1AA7525DC536300F8DDAE = {
						CreatedOnToolsVersion = 12.4;
					};
					05C1AA8625DC536400F8DDAE = {
						CreatedOnToolsVersion = 12.4;
						TestTargetID = 05C1AA7525DC536300F8DDAE;
					};
					05C1AA9125DC536400F8DDAE = {
						CreatedOnToolsVersion = 12.4;
						TestTargetID = 05C1AA7525DC536300F8DDAE;
					};
				};
			};
			buildConfigurationList = 05C1AA7125DC536300F8DDAE /* Build configuration list for PBXProject "Horoscope" */;
			compatibilityVersion = "Xcode 9.3";
			developmentRegion = en;
			hasScannedForEncodings = 0;
			knownRegions = (
				en,
				Base,
			);
			mainGroup = 05C1AA6D25DC536300F8DDAE;
			productRefGroup = 05C1AA7725DC536300F8DDAE /* Products */;
			projectDirPath = "";
			projectRoot = "";
			targets = (
				05C1AA7525DC536300F8DDAE /* Horoscope */,
				05C1AA8625DC536400F8DDAE /* HoroscopeTests */,
				05C1AA9125DC536400F8DDAE /* HoroscopeUITests */,
			);
		};
/* End PBXProject section */

/* Begin PBXResourcesBuildPhase section */
		05C1AA7425DC536300F8DDAE /* Resources */ = {
			isa = PBXResourcesBuildPhase;
			buildActionMask = 2147483647;
			files = (
				05158BC325DD3D890063694A /* Jost-ExtraLightItalic.ttf in Resources */,
				05158BBE25DD3D890063694A /* Jost-BlackItalic.ttf in Resources */,
				0558A47D25F79BF1000345A9 /* charachter.json in Resources */,
				05158BC825DD3D890063694A /* Jost-ExtraBold.ttf in Resources */,
				05CEA9E925F94AB100F90DA3 /* Comp.json in Resources */,
				05158BB925DD3D890063694A /* Jost-ExtraBoldItalic.ttf in Resources */,
				054AAF3D25E7CCFA00B1883D /* pyth_square.json in Resources */,
				05158BC525DD3D890063694A /* Jost-Thin.ttf in Resources */,
				05158BBA25DD3D890063694A /* Jost-MediumItalic.ttf in Resources */,
				05158BC225DD3D890063694A /* Jost-BoldItalic.ttf in Resources */,
				05158BBB25DD3D890063694A /* Jost-Bold.ttf in Resources */,
				05FC9DC825FA74C70033E6E0 /* character.json in Resources */,
				05C1AA8125DC536400F8DDAE /* Preview Assets.xcassets in Resources */,
				05158BC625DD3D890063694A /* Jost-ExtraLight.ttf in Resources */,
				05158BC025DD3D890063694A /* Jost-SemiBoldItalic.ttf in Resources */,
				05158BC725DD3D890063694A /* Jost-SemiBold.ttf in Resources */,
				05158BBF25DD3D890063694A /* Jost-Regular.ttf in Resources */,
				05158BCA25DD3D890063694A /* Jost-Medium.ttf in Resources */,
				05158BBC25DD3D890063694A /* Jost-Black.ttf in Resources */,
				05158BC925DD3D890063694A /* Jost-ThinItalic.ttf in Resources */,
				05C1AA7E25DC536400F8DDAE /* Assets.xcassets in Resources */,
				05158BBD25DD3D890063694A /* Jost-Light.ttf in Resources */,
				05158BC425DD3D890063694A /* Jost-Italic.ttf in Resources */,
				05158BC125DD3D890063694A /* Jost-LightItalic.ttf in Resources */,
			);
			runOnlyForDeploymentPostprocessing = 0;
		};
		05C1AA8525DC536400F8DDAE /* Resources */ = {
			isa = PBXResourcesBuildPhase;
			buildActionMask = 2147483647;
			files = (
			);
			runOnlyForDeploymentPostprocessing = 0;
		};
		05C1AA9025DC536400F8DDAE /* Resources */ = {
			isa = PBXResourcesBuildPhase;
			buildActionMask = 2147483647;
			files = (
			);
			runOnlyForDeploymentPostprocessing = 0;
		};
/* End PBXResourcesBuildPhase section */

/* Begin PBXSourcesBuildPhase section */
		05C1AA7225DC536300F8DDAE /* Sources */ = {
			isa = PBXSourcesBuildPhase;
			buildActionMask = 2147483647;
			files = (
				0564669325EBD2D000361A3D /* RectangleWithImage.swift in Sources */,
				0564668D25EBCD1B00361A3D /* CircleComp.swift in Sources */,
				056DCB0325E450C4008F1397 /* Main.swift in Sources */,
				0578F2EE25DF95F200125C1E /* ProfileVIew.swift in Sources */,
				05A0614125DE5B4900336407 /* RectangleOfSquare.swift in Sources */,
				05A6665725EE7D1F00162141 /* CompChooseSignView.swift in Sources */,
				05240DD825EFD8CD00AEAE74 /* ScrollableHStack.swift in Sources */,
				05C1AA7C25DC536300F8DDAE /* ContentView.swift in Sources */,
				05C1AAAB25DC53AD00F8DDAE /* HoroscopeView.swift in Sources */,
				054AAF4225E7CDBE00B1883D /* SquareModels.swift in Sources */,
				054E22EA25DE919000713507 /* DateHeader.swift in Sources */,
				05C1AA7A25DC536300F8DDAE /* HoroscopeApp.swift in Sources */,
				0507CF8D25F8D57600481DE7 /* LineToRegtangle.swift in Sources */,
				056DCB0B25E45110008F1397 /* Auth.swift in Sources */,
				05C1AAB325DC580000F8DDAE /* HeaderHoroscope.swift in Sources */,
				0597582A25E79E8D008CFA03 /* CompView.swift in Sources */,
				0558A48225F79C10000345A9 /* HoroscopeUser.swift in Sources */,
				0564668825EBCD0F00361A3D /* HeaderComp.swift in Sources */,
				05A0612B25DE592900336407 /* SquareView.swift in Sources */,
				05B4B7D725F27DD000D259BF /* LinkToSiteWithText.swift in Sources */,
				0578F30425E1029300125C1E /* UserModel.swift in Sources */,
				05A0613C25DE5A4400336407 /* CalculateSquare.swift in Sources */,
				0578F2F925DFA95100125C1E /* Details.swift in Sources */,
				05158B8025DD19F10063694A /* FindMonth.swift in Sources */,
				05158BCF25DD412D0063694A /* FindSign.swift in Sources */,
			);
			runOnlyForDeploymentPostprocessing = 0;
		};
		05C1AA8325DC536400F8DDAE /* Sources */ = {
			isa = PBXSourcesBuildPhase;
			buildActionMask = 2147483647;
			files = (
				05C1AA8C25DC536400F8DDAE /* HoroscopeTests.swift in Sources */,
			);
			runOnlyForDeploymentPostprocessing = 0;
		};
		05C1AA8E25DC536400F8DDAE /* Sources */ = {
			isa = PBXSourcesBuildPhase;
			buildActionMask = 2147483647;
			files = (
				05C1AA9725DC536400F8DDAE /* HoroscopeUITests.swift in Sources */,
			);
			runOnlyForDeploymentPostprocessing = 0;
		};
/* End PBXSourcesBuildPhase section */

/* Begin PBXTargetDependency section */
		05C1AA8925DC536400F8DDAE /* PBXTargetDependency */ = {
			isa = PBXTargetDependency;
			target = 05C1AA7525DC536300F8DDAE /* Horoscope */;
			targetProxy = 05C1AA8825DC536400F8DDAE /* PBXContainerItemProxy */;
		};
		05C1AA9425DC536400F8DDAE /* PBXTargetDependency */ = {
			isa = PBXTargetDependency;
			target = 05C1AA7525DC536300F8DDAE /* Horoscope */;
			targetProxy = 05C1AA9325DC536400F8DDAE /* PBXContainerItemProxy */;
		};
/* End PBXTargetDependency section */

/* Begin XCBuildConfiguration section */
		05C1AA9925DC536400F8DDAE /* Debug */ = {
			isa = XCBuildConfiguration;
			buildSettings = {
				ALWAYS_SEARCH_USER_PATHS = NO;
				CLANG_ANALYZER_NONNULL = YES;
				CLANG_ANALYZER_NUMBER_OBJECT_CONVERSION = YES_AGGRESSIVE;
				CLANG_CXX_LANGUAGE_STANDARD = "gnu++14";
				CLANG_CXX_LIBRARY = "libc++";
				CLANG_ENABLE_MODULES = YES;
				CLANG_ENABLE_OBJC_ARC = YES;
				CLANG_ENABLE_OBJC_WEAK = YES;
				CLANG_WARN_BLOCK_CAPTURE_AUTORELEASING = YES;
				CLANG_WARN_BOOL_CONVERSION = YES;
				CLANG_WARN_COMMA = YES;
				CLANG_WARN_CONSTANT_CONVERSION = YES;
				CLANG_WARN_DEPRECATED_OBJC_IMPLEMENTATIONS = YES;
				CLANG_WARN_DIRECT_OBJC_ISA_USAGE = YES_ERROR;
				CLANG_WARN_DOCUMENTATION_COMMENTS = YES;
				CLANG_WARN_EMPTY_BODY = YES;
				CLANG_WARN_ENUM_CONVERSION = YES;
				CLANG_WARN_INFINITE_RECURSION = YES;
				CLANG_WARN_INT_CONVERSION = YES;
				CLANG_WARN_NON_LITERAL_NULL_CONVERSION = YES;
				CLANG_WARN_OBJC_IMPLICIT_RETAIN_SELF = YES;
				CLANG_WARN_OBJC_LITERAL_CONVERSION = YES;
				CLANG_WARN_OBJC_ROOT_CLASS = YES_ERROR;
				CLANG_WARN_QUOTED_INCLUDE_IN_FRAMEWORK_HEADER = YES;
				CLANG_WARN_RANGE_LOOP_ANALYSIS = YES;
				CLANG_WARN_STRICT_PROTOTYPES = YES;
				CLANG_WARN_SUSPICIOUS_MOVE = YES;
				CLANG_WARN_UNGUARDED_AVAILABILITY = YES_AGGRESSIVE;
				CLANG_WARN_UNREACHABLE_CODE = YES;
				CLANG_WARN__DUPLICATE_METHOD_MATCH = YES;
				COPY_PHASE_STRIP = NO;
				DEBUG_INFORMATION_FORMAT = dwarf;
				ENABLE_STRICT_OBJC_MSGSEND = YES;
				ENABLE_TESTABILITY = YES;
				GCC_C_LANGUAGE_STANDARD = gnu11;
				GCC_DYNAMIC_NO_PIC = NO;
				GCC_NO_COMMON_BLOCKS = YES;
				GCC_OPTIMIZATION_LEVEL = 0;
				GCC_PREPROCESSOR_DEFINITIONS = (
					"DEBUG=1",
					"$(inherited)",
				);
				GCC_WARN_64_TO_32_BIT_CONVERSION = YES;
				GCC_WARN_ABOUT_RETURN_TYPE = YES_ERROR;
				GCC_WARN_UNDECLARED_SELECTOR = YES;
				GCC_WARN_UNINITIALIZED_AUTOS = YES_AGGRESSIVE;
				GCC_WARN_UNUSED_FUNCTION = YES;
				GCC_WARN_UNUSED_VARIABLE = YES;
				IPHONEOS_DEPLOYMENT_TARGET = 14.4;
				MTL_ENABLE_DEBUG_INFO = INCLUDE_SOURCE;
				MTL_FAST_MATH = YES;
				ONLY_ACTIVE_ARCH = YES;
				SDKROOT = iphoneos;
				SWIFT_ACTIVE_COMPILATION_CONDITIONS = DEBUG;
				SWIFT_OPTIMIZATION_LEVEL = "-Onone";
			};
			name = Debug;
		};
		05C1AA9A25DC536400F8DDAE /* Release */ = {
			isa = XCBuildConfiguration;
			buildSettings = {
				ALWAYS_SEARCH_USER_PATHS = NO;
				CLANG_ANALYZER_NONNULL = YES;
				CLANG_ANALYZER_NUMBER_OBJECT_CONVERSION = YES_AGGRESSIVE;
				CLANG_CXX_LANGUAGE_STANDARD = "gnu++14";
				CLANG_CXX_LIBRARY = "libc++";
				CLANG_ENABLE_MODULES = YES;
				CLANG_ENABLE_OBJC_ARC = YES;
				CLANG_ENABLE_OBJC_WEAK = YES;
				CLANG_WARN_BLOCK_CAPTURE_AUTORELEASING = YES;
				CLANG_WARN_BOOL_CONVERSION = YES;
				CLANG_WARN_COMMA = YES;
				CLANG_WARN_CONSTANT_CONVERSION = YES;
				CLANG_WARN_DEPRECATED_OBJC_IMPLEMENTATIONS = YES;
				CLANG_WARN_DIRECT_OBJC_ISA_USAGE = YES_ERROR;
				CLANG_WARN_DOCUMENTATION_COMMENTS = YES;
				CLANG_WARN_EMPTY_BODY = YES;
				CLANG_WARN_ENUM_CONVERSION = YES;
				CLANG_WARN_INFINITE_RECURSION = YES;
				CLANG_WARN_INT_CONVERSION = YES;
				CLANG_WARN_NON_LITERAL_NULL_CONVERSION = YES;
				CLANG_WARN_OBJC_IMPLICIT_RETAIN_SELF = YES;
				CLANG_WARN_OBJC_LITERAL_CONVERSION = YES;
				CLANG_WARN_OBJC_ROOT_CLASS = YES_ERROR;
				CLANG_WARN_QUOTED_INCLUDE_IN_FRAMEWORK_HEADER = YES;
				CLANG_WARN_RANGE_LOOP_ANALYSIS = YES;
				CLANG_WARN_STRICT_PROTOTYPES = YES;
				CLANG_WARN_SUSPICIOUS_MOVE = YES;
				CLANG_WARN_UNGUARDED_AVAILABILITY = YES_AGGRESSIVE;
				CLANG_WARN_UNREACHABLE_CODE = YES;
				CLANG_WARN__DUPLICATE_METHOD_MATCH = YES;
				COPY_PHASE_STRIP = NO;
				DEBUG_INFORMATION_FORMAT = "dwarf-with-dsym";
				ENABLE_NS_ASSERTIONS = NO;
				ENABLE_STRICT_OBJC_MSGSEND = YES;
				GCC_C_LANGUAGE_STANDARD = gnu11;
				GCC_NO_COMMON_BLOCKS = YES;
				GCC_WARN_64_TO_32_BIT_CONVERSION = YES;
				GCC_WARN_ABOUT_RETURN_TYPE = YES_ERROR;
				GCC_WARN_UNDECLARED_SELECTOR = YES;
				GCC_WARN_UNINITIALIZED_AUTOS = YES_AGGRESSIVE;
				GCC_WARN_UNUSED_FUNCTION = YES;
				GCC_WARN_UNUSED_VARIABLE = YES;
				IPHONEOS_DEPLOYMENT_TARGET = 14.4;
				MTL_ENABLE_DEBUG_INFO = NO;
				MTL_FAST_MATH = YES;
				SDKROOT = iphoneos;
				SWIFT_COMPILATION_MODE = wholemodule;
				SWIFT_OPTIMIZATION_LEVEL = "-O";
				VALIDATE_PRODUCT = YES;
			};
			name = Release;
		};
		05C1AA9C25DC536400F8DDAE /* Debug */ = {
			isa = XCBuildConfiguration;
			buildSettings = {
				ASSETCATALOG_COMPILER_APPICON_NAME = AppIcon;
				ASSETCATALOG_COMPILER_GLOBAL_ACCENT_COLOR_NAME = AccentColor;
				CODE_SIGN_IDENTITY = "Apple Development";
				CODE_SIGN_STYLE = Automatic;
				DEVELOPMENT_ASSET_PATHS = "\"Horoscope/Preview Content\"";
				DEVELOPMENT_TEAM = 35TH4M5TLF;
				ENABLE_PREVIEWS = YES;
				INFOPLIST_FILE = Horoscope/Info.plist;
				IPHONEOS_DEPLOYMENT_TARGET = 14.1;
				LD_RUNPATH_SEARCH_PATHS = (
					"$(inherited)",
					"@executable_path/Frameworks",
				);
				PRODUCT_BUNDLE_IDENTIFIER = com.nikita.frolov.devios;
				PRODUCT_NAME = "$(TARGET_NAME)";
				PROVISIONING_PROFILE_SPECIFIER = "";
				SUPPORTS_MACCATALYST = NO;
				SWIFT_VERSION = 5.0;
				TARGETED_DEVICE_FAMILY = "1,2";
			};
			name = Debug;
		};
		05C1AA9D25DC536400F8DDAE /* Release */ = {
			isa = XCBuildConfiguration;
			buildSettings = {
				ASSETCATALOG_COMPILER_APPICON_NAME = AppIcon;
				ASSETCATALOG_COMPILER_GLOBAL_ACCENT_COLOR_NAME = AccentColor;
				CODE_SIGN_IDENTITY = "Apple Development";
				CODE_SIGN_STYLE = Automatic;
				DEVELOPMENT_ASSET_PATHS = "\"Horoscope/Preview Content\"";
				DEVELOPMENT_TEAM = 35TH4M5TLF;
				ENABLE_PREVIEWS = YES;
				INFOPLIST_FILE = Horoscope/Info.plist;
				IPHONEOS_DEPLOYMENT_TARGET = 14.1;
				LD_RUNPATH_SEARCH_PATHS = (
					"$(inherited)",
					"@executable_path/Frameworks",
				);
				PRODUCT_BUNDLE_IDENTIFIER = com.nikita.frolov.devios;
				PRODUCT_NAME = "$(TARGET_NAME)";
				PROVISIONING_PROFILE_SPECIFIER = "";
				SUPPORTS_MACCATALYST = NO;
				SWIFT_VERSION = 5.0;
				TARGETED_DEVICE_FAMILY = "1,2";
			};
			name = Release;
		};
		05C1AA9F25DC536400F8DDAE /* Debug */ = {
			isa = XCBuildConfiguration;
			buildSettings = {
				ALWAYS_EMBED_SWIFT_STANDARD_LIBRARIES = YES;
				BUNDLE_LOADER = "$(TEST_HOST)";
				CODE_SIGN_STYLE = Automatic;
				DEVELOPMENT_TEAM = 35TH4M5TLF;
				INFOPLIST_FILE = HoroscopeTests/Info.plist;
				IPHONEOS_DEPLOYMENT_TARGET = 14.0;
				LD_RUNPATH_SEARCH_PATHS = (
					"$(inherited)",
					"@executable_path/Frameworks",
					"@loader_path/Frameworks",
				);
				PRODUCT_BUNDLE_IDENTIFIER = nikita.frolov.devios.HoroscopeTests;
				PRODUCT_NAME = "$(TARGET_NAME)";
				SWIFT_VERSION = 5.0;
				TARGETED_DEVICE_FAMILY = "1,2";
				TEST_HOST = "$(BUILT_PRODUCTS_DIR)/Horoscope.app/Horoscope";
			};
			name = Debug;
		};
		05C1AAA025DC536400F8DDAE /* Release */ = {
			isa = XCBuildConfiguration;
			buildSettings = {
				ALWAYS_EMBED_SWIFT_STANDARD_LIBRARIES = YES;
				BUNDLE_LOADER = "$(TEST_HOST)";
				CODE_SIGN_STYLE = Automatic;
				DEVELOPMENT_TEAM = 35TH4M5TLF;
				INFOPLIST_FILE = HoroscopeTests/Info.plist;
				IPHONEOS_DEPLOYMENT_TARGET = 14.0;
				LD_RUNPATH_SEARCH_PATHS = (
					"$(inherited)",
					"@executable_path/Frameworks",
					"@loader_path/Frameworks",
				);
				PRODUCT_BUNDLE_IDENTIFIER = nikita.frolov.devios.HoroscopeTests;
				PRODUCT_NAME = "$(TARGET_NAME)";
				SWIFT_VERSION = 5.0;
				TARGETED_DEVICE_FAMILY = "1,2";
				TEST_HOST = "$(BUILT_PRODUCTS_DIR)/Horoscope.app/Horoscope";
			};
			name = Release;
		};
		05C1AAA225DC536400F8DDAE /* Debug */ = {
			isa = XCBuildConfiguration;
			buildSettings = {
				ALWAYS_EMBED_SWIFT_STANDARD_LIBRARIES = YES;
				CODE_SIGN_STYLE = Automatic;
				DEVELOPMENT_TEAM = 35TH4M5TLF;
				INFOPLIST_FILE = HoroscopeUITests/Info.plist;
				LD_RUNPATH_SEARCH_PATHS = (
					"$(inherited)",
					"@executable_path/Frameworks",
					"@loader_path/Frameworks",
				);
				PRODUCT_BUNDLE_IDENTIFIER = nikita.frolov.devios.HoroscopeUITests;
				PRODUCT_NAME = "$(TARGET_NAME)";
				SWIFT_VERSION = 5.0;
				TARGETED_DEVICE_FAMILY = "1,2";
				TEST_TARGET_NAME = Horoscope;
			};
			name = Debug;
		};
		05C1AAA325DC536400F8DDAE /* Release */ = {
			isa = XCBuildConfiguration;
			buildSettings = {
				ALWAYS_EMBED_SWIFT_STANDARD_LIBRARIES = YES;
				CODE_SIGN_STYLE = Automatic;
				DEVELOPMENT_TEAM = 35TH4M5TLF;
				INFOPLIST_FILE = HoroscopeUITests/Info.plist;
				LD_RUNPATH_SEARCH_PATHS = (
					"$(inherited)",
					"@executable_path/Frameworks",
					"@loader_path/Frameworks",
				);
				PRODUCT_BUNDLE_IDENTIFIER = nikita.frolov.devios.HoroscopeUITests;
				PRODUCT_NAME = "$(TARGET_NAME)";
				SWIFT_VERSION = 5.0;
				TARGETED_DEVICE_FAMILY = "1,2";
				TEST_TARGET_NAME = Horoscope;
			};
			name = Release;
		};
/* End XCBuildConfiguration section */

/* Begin XCConfigurationList section */
		05C1AA7125DC536300F8DDAE /* Build configuration list for PBXProject "Horoscope" */ = {
			isa = XCConfigurationList;
			buildConfigurations = (
				05C1AA9925DC536400F8DDAE /* Debug */,
				05C1AA9A25DC536400F8DDAE /* Release */,
			);
			defaultConfigurationIsVisible = 0;
			defaultConfigurationName = Release;
		};
		05C1AA9B25DC536400F8DDAE /* Build configuration list for PBXNativeTarget "Horoscope" */ = {
			isa = XCConfigurationList;
			buildConfigurations = (
				05C1AA9C25DC536400F8DDAE /* Debug */,
				05C1AA9D25DC536400F8DDAE /* Release */,
			);
			defaultConfigurationIsVisible = 0;
			defaultConfigurationName = Release;
		};
		05C1AA9E25DC536400F8DDAE /* Build configuration list for PBXNativeTarget "HoroscopeTests" */ = {
			isa = XCConfigurationList;
			buildConfigurations = (
				05C1AA9F25DC536400F8DDAE /* Debug */,
				05C1AAA025DC536400F8DDAE /* Release */,
			);
			defaultConfigurationIsVisible = 0;
			defaultConfigurationName = Release;
		};
		05C1AAA125DC536400F8DDAE /* Build configuration list for PBXNativeTarget "HoroscopeUITests" */ = {
			isa = XCConfigurationList;
			buildConfigurations = (
				05C1AAA225DC536400F8DDAE /* Debug */,
				05C1AAA325DC536400F8DDAE /* Release */,
			);
			defaultConfigurationIsVisible = 0;
			defaultConfigurationName = Release;
		};
/* End XCConfigurationList section */
	};
	rootObject = 05C1AA6E25DC536300F8DDAE /* Project object */;
}
